
Microsoft Visual Studio Solution File, Format Version 12.00
# Visual Studio 15
VisualStudioVersion = 15.0.27428.2015
MinimumVisualStudioVersion = 10.0.40219.1
Project("{FAE04EC0-301F-11D3-BF4B-00C04F79EFBC}") = "Sudoku", "Sudoku\Sudoku.csproj", "{7BB45481-DDCC-4FEF-B330-686E98D31216}"
EndProject
Project("{FAE04EC0-301F-11D3-BF4B-00C04F79EFBC}") = "dungeon-game", "dungeon-game\dungeon-game.csproj", "{98B69CB5-067B-42F5-97CC-0DB62822A92B}"
EndProject
Project("{FAE04EC0-301F-11D3-BF4B-00C04F79EFBC}") = "game-24", "game-24\game-24.csproj", "{ACC3C2CB-45EF-4E96-B991-F18C3FAC61BF}"
EndProject
Project("{FAE04EC0-301F-11D3-BF4B-00C04F79EFBC}") = "CatAndMouse", "CatAndMouse\CatAndMouse.csproj", "{5B51C113-EDEB-479C-8743-8D0C2CF22A5F}"
EndProject
Project("{FAE04EC0-301F-11D3-BF4B-00C04F79EFBC}") = "Trie", "Trie\Trie.csproj", "{B599E850-E5B2-4991-8BF4-8881C0A54601}"
EndProject
Project("{FAE04EC0-301F-11D3-BF4B-00C04F79EFBC}") = "Skyline", "Skyline\Skyline.csproj", "{18076258-EC32-4FBE-84A5-7A9780C307EC}"
EndProject
Project("{FAE04EC0-301F-11D3-BF4B-00C04F79EFBC}") = "RangeSumQueryMutable", "RangeSumQueryMutable\RangeSumQueryMutable.csproj", "{BAB41C5F-009F-4801-8A0A-AAC5A7EB60EF}"
EndProject
Project("{FAE04EC0-301F-11D3-BF4B-00C04F79EFBC}") = "PredictTheWinner", "PredictTheWinner\PredictTheWinner.csproj", "{4E2E8CD6-9DE2-4A03-BC78-D8F3A8685794}"
EndProject
Project("{FAE04EC0-301F-11D3-BF4B-00C04F79EFBC}") = "RectangleArea2", "RectangleArea2\RectangleArea2.csproj", "{B098181D-B805-4620-9D40-D1D5B052804D}"
EndProject
Project("{FAE04EC0-301F-11D3-BF4B-00C04F79EFBC}") = "BigInt", "BigInt\BigInt.csproj", "{C9C280C9-6848-48A8-8FC2-FD7BB4C62695}"
EndProject
Project("{FAE04EC0-301F-11D3-BF4B-00C04F79EFBC}") = "LinkedListRandomNode", "LinkedListRandomNode\LinkedListRandomNode.csproj", "{5ACE26F1-CC25-4A90-8EB3-8A0103C387F7}"
EndProject
Project("{FAE04EC0-301F-11D3-BF4B-00C04F79EFBC}") = "ContainerWithMostWater", "ContainerWithMostMater\ContainerWithMostWater.csproj", "{DF0AAFD5-1174-47F5-A042-2D3DE87D3666}"
EndProject
Project("{FAE04EC0-301F-11D3-BF4B-00C04F79EFBC}") = "Sum3", "Sum3\Sum3.csproj", "{21ACF4C6-CA60-4A70-B68C-ACFF041B8ABD}"
EndProject
Project("{FAE04EC0-301F-11D3-BF4B-00C04F79EFBC}") = "BasicCalculator", "BasicCalculator\BasicCalculator.csproj", "{03135013-EDF6-4C0E-8D52-843840929957}"
EndProject
Project("{FAE04EC0-301F-11D3-BF4B-00C04F79EFBC}") = "ImplementQueueUsingStacks", "ImplementQueueUsingStacks\ImplementQueueUsingStacks.csproj", "{CB83886A-156F-47C4-B7AA-31D9FE02893A}"
EndProject
Global
	GlobalSection(SolutionConfigurationPlatforms) = preSolution
		Debug|Any CPU = Debug|Any CPU
		Release|Any CPU = Release|Any CPU
	EndGlobalSection
	GlobalSection(ProjectConfigurationPlatforms) = postSolution
		{7BB45481-DDCC-4FEF-B330-686E98D31216}.Debug|Any CPU.ActiveCfg = Debug|Any CPU
		{7BB45481-DDCC-4FEF-B330-686E98D31216}.Debug|Any CPU.Build.0 = Debug|Any CPU
		{7BB45481-DDCC-4FEF-B330-686E98D31216}.Release|Any CPU.ActiveCfg = Release|Any CPU
		{7BB45481-DDCC-4FEF-B330-686E98D31216}.Release|Any CPU.Build.0 = Release|Any CPU
		{98B69CB5-067B-42F5-97CC-0DB62822A92B}.Debug|Any CPU.ActiveCfg = Debug|Any CPU
		{98B69CB5-067B-42F5-97CC-0DB62822A92B}.Debug|Any CPU.Build.0 = Debug|Any CPU
		{98B69CB5-067B-42F5-97CC-0DB62822A92B}.Release|Any CPU.ActiveCfg = Release|Any CPU
		{98B69CB5-067B-42F5-97CC-0DB62822A92B}.Release|Any CPU.Build.0 = Release|Any CPU
		{ACC3C2CB-45EF-4E96-B991-F18C3FAC61BF}.Debug|Any CPU.ActiveCfg = Debug|Any CPU
		{ACC3C2CB-45EF-4E96-B991-F18C3FAC61BF}.Debug|Any CPU.Build.0 = Debug|Any CPU
		{ACC3C2CB-45EF-4E96-B991-F18C3FAC61BF}.Release|Any CPU.ActiveCfg = Release|Any CPU
		{ACC3C2CB-45EF-4E96-B991-F18C3FAC61BF}.Release|Any CPU.Build.0 = Release|Any CPU
		{5B51C113-EDEB-479C-8743-8D0C2CF22A5F}.Debug|Any CPU.ActiveCfg = Debug|Any CPU
		{5B51C113-EDEB-479C-8743-8D0C2CF22A5F}.Debug|Any CPU.Build.0 = Debug|Any CPU
		{5B51C113-EDEB-479C-8743-8D0C2CF22A5F}.Release|Any CPU.ActiveCfg = Release|Any CPU
		{5B51C113-EDEB-479C-8743-8D0C2CF22A5F}.Release|Any CPU.Build.0 = Release|Any CPU
		{B599E850-E5B2-4991-8BF4-8881C0A54601}.Debug|Any CPU.ActiveCfg = Debug|Any CPU
		{B599E850-E5B2-4991-8BF4-8881C0A54601}.Debug|Any CPU.Build.0 = Debug|Any CPU
		{B599E850-E5B2-4991-8BF4-8881C0A54601}.Release|Any CPU.ActiveCfg = Release|Any CPU
		{B599E850-E5B2-4991-8BF4-8881C0A54601}.Release|Any CPU.Build.0 = Release|Any CPU
		{18076258-EC32-4FBE-84A5-7A9780C307EC}.Debug|Any CPU.ActiveCfg = Debug|Any CPU
		{18076258-EC32-4FBE-84A5-7A9780C307EC}.Debug|Any CPU.Build.0 = Debug|Any CPU
		{18076258-EC32-4FBE-84A5-7A9780C307EC}.Release|Any CPU.ActiveCfg = Release|Any CPU
		{18076258-EC32-4FBE-84A5-7A9780C307EC}.Release|Any CPU.Build.0 = Release|Any CPU
		{BAB41C5F-009F-4801-8A0A-AAC5A7EB60EF}.Debug|Any CPU.ActiveCfg = Debug|Any CPU
		{BAB41C5F-009F-4801-8A0A-AAC5A7EB60EF}.Debug|Any CPU.Build.0 = Debug|Any CPU
		{BAB41C5F-009F-4801-8A0A-AAC5A7EB60EF}.Release|Any CPU.ActiveCfg = Release|Any CPU
		{BAB41C5F-009F-4801-8A0A-AAC5A7EB60EF}.Release|Any CPU.Build.0 = Release|Any CPU
		{4E2E8CD6-9DE2-4A03-BC78-D8F3A8685794}.Debug|Any CPU.ActiveCfg = Debug|Any CPU
		{4E2E8CD6-9DE2-4A03-BC78-D8F3A8685794}.Debug|Any CPU.Build.0 = Debug|Any CPU
		{4E2E8CD6-9DE2-4A03-BC78-D8F3A8685794}.Release|Any CPU.ActiveCfg = Release|Any CPU
		{4E2E8CD6-9DE2-4A03-BC78-D8F3A8685794}.Release|Any CPU.Build.0 = Release|Any CPU
		{B098181D-B805-4620-9D40-D1D5B052804D}.Debug|Any CPU.ActiveCfg = Debug|Any CPU
		{B098181D-B805-4620-9D40-D1D5B052804D}.Debug|Any CPU.Build.0 = Debug|Any CPU
		{B098181D-B805-4620-9D40-D1D5B052804D}.Release|Any CPU.ActiveCfg = Release|Any CPU
		{B098181D-B805-4620-9D40-D1D5B052804D}.Release|Any CPU.Build.0 = Release|Any CPU
		{C9C280C9-6848-48A8-8FC2-FD7BB4C62695}.Debug|Any CPU.ActiveCfg = Debug|Any CPU
		{C9C280C9-6848-48A8-8FC2-FD7BB4C62695}.Debug|Any CPU.Build.0 = Debug|Any CPU
		{C9C280C9-6848-48A8-8FC2-FD7BB4C62695}.Release|Any CPU.ActiveCfg = Release|Any CPU
		{C9C280C9-6848-48A8-8FC2-FD7BB4C62695}.Release|Any CPU.Build.0 = Release|Any CPU
		{5ACE26F1-CC25-4A90-8EB3-8A0103C387F7}.Debug|Any CPU.ActiveCfg = Debug|Any CPU
		{5ACE26F1-CC25-4A90-8EB3-8A0103C387F7}.Debug|Any CPU.Build.0 = Debug|Any CPU
		{5ACE26F1-CC25-4A90-8EB3-8A0103C387F7}.Release|Any CPU.ActiveCfg = Release|Any CPU
		{5ACE26F1-CC25-4A90-8EB3-8A0103C387F7}.Release|Any CPU.Build.0 = Release|Any CPU
		{DF0AAFD5-1174-47F5-A042-2D3DE87D3666}.Debug|Any CPU.ActiveCfg = Debug|Any CPU
		{DF0AAFD5-1174-47F5-A042-2D3DE87D3666}.Debug|Any CPU.Build.0 = Debug|Any CPU
		{DF0AAFD5-1174-47F5-A042-2D3DE87D3666}.Release|Any CPU.ActiveCfg = Release|Any CPU
		{DF0AAFD5-1174-47F5-A042-2D3DE87D3666}.Release|Any CPU.Build.0 = Release|Any CPU
		{21ACF4C6-CA60-4A70-B68C-ACFF041B8ABD}.Debug|Any CPU.ActiveCfg = Debug|Any CPU
		{21ACF4C6-CA60-4A70-B68C-ACFF041B8ABD}.Debug|Any CPU.Build.0 = Debug|Any CPU
		{21ACF4C6-CA60-4A70-B68C-ACFF041B8ABD}.Release|Any CPU.ActiveCfg = Release|Any CPU
		{21ACF4C6-CA60-4A70-B68C-ACFF041B8ABD}.Release|Any CPU.Build.0 = Release|Any CPU
		{03135013-EDF6-4C0E-8D52-843840929957}.Debug|Any CPU.ActiveCfg = Debug|Any CPU
		{03135013-EDF6-4C0E-8D52-843840929957}.Debug|Any CPU.Build.0 = Debug|Any CPU
		{03135013-EDF6-4C0E-8D52-843840929957}.Release|Any CPU.ActiveCfg = Release|Any CPU
		{03135013-EDF6-4C0E-8D52-843840929957}.Release|Any CPU.Build.0 = Release|Any CPU
		{CB83886A-156F-47C4-B7AA-31D9FE02893A}.Debug|Any CPU.ActiveCfg = Debug|Any CPU
		{CB83886A-156F-47C4-B7AA-31D9FE02893A}.Debug|Any CPU.Build.0 = Debug|Any CPU
		{CB83886A-156F-47C4-B7AA-31D9FE02893A}.Release|Any CPU.ActiveCfg = Release|Any CPU
		{CB83886A-156F-47C4-B7AA-31D9FE02893A}.Release|Any CPU.Build.0 = Release|Any CPU
	EndGlobalSection
	GlobalSection(SolutionProperties) = preSolution
		HideSolutionNode = FALSE
	EndGlobalSection
	GlobalSection(ExtensibilityGlobals) = postSolution
		SolutionGuid = {3B74928F-03A4-4C28-BA86-80F74B5F9372}
	EndGlobalSection
EndGlobal
